github.com/gorilla/websocket v1.4.1 h1:q7AeDBpnBk8AogcD4DSag/Ukw/KV+YhzLj2bP5HvKCM=
github.com/gorilla/websocket v1.4.1/go.mod h1:YR8l580nyteQvAITg2hZ9XVh4b55+EU/adAjf1fMHhE=
github.com/tomagb/city v0.0.0-20190728061113-2542520e0fa6 h1:VLzjhn0WqmsNEaolreDg6mGUkfR2fNeY+hIOTRvniSA=
github.com/tomagb/city v0.0.0-20190728061113-2542520e0fa6/go.mod h1:AOYRHlOSxRhb3Nu7Yz45epKedK8TzcVdNxxg7R9TaVo=
