github.com/klekih/city v0.0.0-20190618182320-59ab9439b4b0 h1:cGLC4Bzhgqzn3MIPkReB6THMuJUW6803QZwt4YOUpKM=
github.com/klekih/city v0.0.0-20190618182320-59ab9439b4b0/go.mod h1:wkyfhlPk7Ys/n+/sezV+siDB0zzrdXL+Z9lT/y9uc2c=
github.com/klekih/city v0.0.0-20190623154015-50014d142c2a h1:LRwF5XITyHjR//2YQU+LgmrDL8ZXrsObVoXHbIWarmU=
github.com/klekih/city v0.0.0-20190623154015-50014d142c2a/go.mod h1:wkyfhlPk7Ys/n+/sezV+siDB0zzrdXL+Z9lT/y9uc2c=
